
Microsoft Visual Studio Solution File, Format Version 12.00
# Visual Studio Version 16
VisualStudioVersion = 16.0.30717.126
MinimumVisualStudioVersion = 10.0.40219.1
Project("{FAE04EC0-301F-11D3-BF4B-00C04F79EFBC}") = "TextObjectModel", "..\TextObjectModel\TextObjectModel.csproj", "{A7DA1D93-2A10-4878-AA00-EDFD44D09E1D}"
EndProject
Global
	GlobalSection(SolutionConfigurationPlatforms) = preSolution
		Debug|Any CPU = Debug|Any CPU
		Release|Any CPU = Release|Any CPU
	EndGlobalSection
	GlobalSection(ProjectConfigurationPlatforms) = postSolution
		{A7DA1D93-2A10-4878-AA00-EDFD44D09E1D}.Debug|Any CPU.ActiveCfg = Debug|Any CPU
		{A7DA1D93-2A10-4878-AA00-EDFD44D09E1D}.Debug|Any CPU.Build.0 = Debug|Any CPU
		{A7DA1D93-2A10-4878-AA00-EDFD44D09E1D}.Release|Any CPU.ActiveCfg = Release|Any CPU
		{A7DA1D93-2A10-4878-AA00-EDFD44D09E1D}.Release|Any CPU.Build.0 = Release|Any CPU
	EndGlobalSection
	GlobalSection(SolutionProperties) = preSolution
		HideSolutionNode = FALSE
	EndGlobalSection
	GlobalSection(ExtensibilityGlobals) = postSolution
		SolutionGuid = {29F3CB45-0929-4667-9F12-C9662DC03F43}
	EndGlobalSection
EndGlobal
