
Microsoft Visual Studio Solution File, Format Version 12.00
# Visual Studio Version 16
VisualStudioVersion = 16.0.30717.126
MinimumVisualStudioVersion = 10.0.40219.1
Project("{FAE04EC0-301F-11D3-BF4B-00C04F79EFBC}") = "ServiceApp", "ServiceApp\ServiceApp.csproj", "{75F67C93-9308-440B-83FE-80ACFAA13785}"
EndProject
Project("{FAE04EC0-301F-11D3-BF4B-00C04F79EFBC}") = "ManagerApp", "ManagerApp\ManagerApp.csproj", "{125EFD1C-29D5-42E1-A8F6-7B8E1B9858BA}"
EndProject
Global
	GlobalSection(SolutionConfigurationPlatforms) = preSolution
		Debug|Any CPU = Debug|Any CPU
		Release|Any CPU = Release|Any CPU
	EndGlobalSection
	GlobalSection(ProjectConfigurationPlatforms) = postSolution
		{75F67C93-9308-440B-83FE-80ACFAA13785}.Debug|Any CPU.ActiveCfg = Debug|Any CPU
		{75F67C93-9308-440B-83FE-80ACFAA13785}.Debug|Any CPU.Build.0 = Debug|Any CPU
		{75F67C93-9308-440B-83FE-80ACFAA13785}.Release|Any CPU.ActiveCfg = Release|Any CPU
		{75F67C93-9308-440B-83FE-80ACFAA13785}.Release|Any CPU.Build.0 = Release|Any CPU
		{125EFD1C-29D5-42E1-A8F6-7B8E1B9858BA}.Debug|Any CPU.ActiveCfg = Debug|Any CPU
		{125EFD1C-29D5-42E1-A8F6-7B8E1B9858BA}.Debug|Any CPU.Build.0 = Debug|Any CPU
		{125EFD1C-29D5-42E1-A8F6-7B8E1B9858BA}.Release|Any CPU.ActiveCfg = Release|Any CPU
		{125EFD1C-29D5-42E1-A8F6-7B8E1B9858BA}.Release|Any CPU.Build.0 = Release|Any CPU
	EndGlobalSection
	GlobalSection(SolutionProperties) = preSolution
		HideSolutionNode = FALSE
	EndGlobalSection
	GlobalSection(ExtensibilityGlobals) = postSolution
		SolutionGuid = {78FA34B1-1516-462D-93D8-82C0AE7A621F}
	EndGlobalSection
EndGlobal
