
Microsoft Visual Studio Solution File, Format Version 12.00
# Visual Studio Version 16
VisualStudioVersion = 16.0.30717.126
MinimumVisualStudioVersion = 10.0.40219.1
Project("{FAE04EC0-301F-11D3-BF4B-00C04F79EFBC}") = "ATEAndBillingSystem", "ATEAndBillingSystem.csproj", "{D952C7AC-96ED-45DE-915B-439E10796CF9}"
EndProject
Global
	GlobalSection(SolutionConfigurationPlatforms) = preSolution
		Debug|Any CPU = Debug|Any CPU
		Release|Any CPU = Release|Any CPU
	EndGlobalSection
	GlobalSection(ProjectConfigurationPlatforms) = postSolution
		{D952C7AC-96ED-45DE-915B-439E10796CF9}.Debug|Any CPU.ActiveCfg = Debug|Any CPU
		{D952C7AC-96ED-45DE-915B-439E10796CF9}.Debug|Any CPU.Build.0 = Debug|Any CPU
		{D952C7AC-96ED-45DE-915B-439E10796CF9}.Release|Any CPU.ActiveCfg = Release|Any CPU
		{D952C7AC-96ED-45DE-915B-439E10796CF9}.Release|Any CPU.Build.0 = Release|Any CPU
	EndGlobalSection
	GlobalSection(SolutionProperties) = preSolution
		HideSolutionNode = FALSE
	EndGlobalSection
	GlobalSection(ExtensibilityGlobals) = postSolution
		SolutionGuid = {D762EE54-9D44-439A-A00B-CB20AA5E0BB1}
	EndGlobalSection
EndGlobal
