
Microsoft Visual Studio Solution File, Format Version 12.00
# Visual Studio Version 16
VisualStudioVersion = 16.0.30804.86
MinimumVisualStudioVersion = 10.0.40219.1
Project("{9A19103F-16F7-4668-BE54-9A1E7A4F7556}") = "SalesStatistics", "SalesStatistics\SalesStatistics.csproj", "{7F5BA9E6-5955-4934-8E96-24296E392FE8}"
EndProject
Project("{9A19103F-16F7-4668-BE54-9A1E7A4F7556}") = "SalesStatistics.DAL", "SalesStatistics.DAL\SalesStatistics.DAL.csproj", "{66331C1A-9475-4C43-9A60-A108875224C3}"
EndProject
Project("{9A19103F-16F7-4668-BE54-9A1E7A4F7556}") = "SalesStatistics.Core", "SalesStatistics.Core\SalesStatistics.Core.csproj", "{267D4D38-BEEF-477C-A3AD-E1E537CB4200}"
EndProject
Global
	GlobalSection(SolutionConfigurationPlatforms) = preSolution
		Debug|Any CPU = Debug|Any CPU
		Release|Any CPU = Release|Any CPU
	EndGlobalSection
	GlobalSection(ProjectConfigurationPlatforms) = postSolution
		{7F5BA9E6-5955-4934-8E96-24296E392FE8}.Debug|Any CPU.ActiveCfg = Debug|Any CPU
		{7F5BA9E6-5955-4934-8E96-24296E392FE8}.Debug|Any CPU.Build.0 = Debug|Any CPU
		{7F5BA9E6-5955-4934-8E96-24296E392FE8}.Release|Any CPU.ActiveCfg = Release|Any CPU
		{7F5BA9E6-5955-4934-8E96-24296E392FE8}.Release|Any CPU.Build.0 = Release|Any CPU
		{66331C1A-9475-4C43-9A60-A108875224C3}.Debug|Any CPU.ActiveCfg = Debug|Any CPU
		{66331C1A-9475-4C43-9A60-A108875224C3}.Debug|Any CPU.Build.0 = Debug|Any CPU
		{66331C1A-9475-4C43-9A60-A108875224C3}.Release|Any CPU.ActiveCfg = Release|Any CPU
		{66331C1A-9475-4C43-9A60-A108875224C3}.Release|Any CPU.Build.0 = Release|Any CPU
		{267D4D38-BEEF-477C-A3AD-E1E537CB4200}.Debug|Any CPU.ActiveCfg = Debug|Any CPU
		{267D4D38-BEEF-477C-A3AD-E1E537CB4200}.Debug|Any CPU.Build.0 = Debug|Any CPU
		{267D4D38-BEEF-477C-A3AD-E1E537CB4200}.Release|Any CPU.ActiveCfg = Release|Any CPU
		{267D4D38-BEEF-477C-A3AD-E1E537CB4200}.Release|Any CPU.Build.0 = Release|Any CPU
	EndGlobalSection
	GlobalSection(SolutionProperties) = preSolution
		HideSolutionNode = FALSE
	EndGlobalSection
	GlobalSection(ExtensibilityGlobals) = postSolution
		SolutionGuid = {6781ABD5-BE80-444B-881F-DA66633D64A9}
	EndGlobalSection
EndGlobal
